
Microsoft Visual Studio Solution File, Format Version 12.00
# Visual Studio Version 17
VisualStudioVersion = 17.0.32112.339
MinimumVisualStudioVersion = 10.0.40219.1
Project("{FAE04EC0-301F-11D3-BF4B-00C04F79EFBC}") = "Jindium2", "Jindium2\Jindium2.csproj", "{40FD7332-C587-4EE0-815D-EEC5CCDEB8D1}"
EndProject
Project("{FAE04EC0-301F-11D3-BF4B-00C04F79EFBC}") = "Jindium2_DemoApp", "Jindium2_DemoApp\Jindium2_DemoApp.csproj", "{FFA47ADB-C307-45FF-9424-31FE073AE01D}"
EndProject
Global
	GlobalSection(SolutionConfigurationPlatforms) = preSolution
		Debug|Any CPU = Debug|Any CPU
		Release|Any CPU = Release|Any CPU
	EndGlobalSection
	GlobalSection(ProjectConfigurationPlatforms) = postSolution
		{40FD7332-C587-4EE0-815D-EEC5CCDEB8D1}.Debug|Any CPU.ActiveCfg = Debug|Any CPU
		{40FD7332-C587-4EE0-815D-EEC5CCDEB8D1}.Debug|Any CPU.Build.0 = Debug|Any CPU
		{40FD7332-C587-4EE0-815D-EEC5CCDEB8D1}.Release|Any CPU.ActiveCfg = Release|Any CPU
		{40FD7332-C587-4EE0-815D-EEC5CCDEB8D1}.Release|Any CPU.Build.0 = Release|Any CPU
		{FFA47ADB-C307-45FF-9424-31FE073AE01D}.Debug|Any CPU.ActiveCfg = Debug|Any CPU
		{FFA47ADB-C307-45FF-9424-31FE073AE01D}.Debug|Any CPU.Build.0 = Debug|Any CPU
		{FFA47ADB-C307-45FF-9424-31FE073AE01D}.Release|Any CPU.ActiveCfg = Release|Any CPU
		{FFA47ADB-C307-45FF-9424-31FE073AE01D}.Release|Any CPU.Build.0 = Release|Any CPU
	EndGlobalSection
	GlobalSection(SolutionProperties) = preSolution
		HideSolutionNode = FALSE
	EndGlobalSection
	GlobalSection(ExtensibilityGlobals) = postSolution
		SolutionGuid = {3A7B44BB-54B2-4DEA-89D1-569F09674159}
	EndGlobalSection
EndGlobal
